# Ambiente completo de desenvolvimento resolvido em Python 3.12.10 / Windows x64.
attrs==26.1.0
colorama==0.4.6
iniconfig==2.3.0
jsonschema==4.26.0
jsonschema-specifications==2025.9.1
librt==0.13.0
mypy==1.20.2
mypy_extensions==1.1.0
packaging==26.2
pathspec==1.1.1
pluggy==1.6.0
Pygments==2.20.0
pytest==9.1.1
PyYAML==6.0.3
referencing==0.37.0
rpds-py==2026.6.3
ruff==0.16.0
types-jsonschema==4.26.0.20260518
types-PyYAML==6.0.12.20260724
typing_extensions==4.16.0
